
Microsoft Visual Studio Solution File, Format Version 12.00
# Visual Studio Version 17
VisualStudioVersion = 17.6.33717.318
MinimumVisualStudioVersion = 10.0.40219.1
Project("{FAE04EC0-301F-11D3-BF4B-00C04F79EFBC}") = "Ecuador.ID", "Ecuador.ID\Ecuador.ID.csproj", "{67186CC6-5CF3-4FDC-9FAF-5F3800B87A0A}"
EndProject
Project("{FAE04EC0-301F-11D3-BF4B-00C04F79EFBC}") = "Ecuador.ID.Test", "Ecuador.ID.Test\Ecuador.ID.Test.csproj", "{C14B32FA-74C9-4BBA-A927-B115152A25C4}"
EndProject
Global
	GlobalSection(SolutionConfigurationPlatforms) = preSolution
		Debug|Any CPU = Debug|Any CPU
		Release|Any CPU = Release|Any CPU
	EndGlobalSection
	GlobalSection(ProjectConfigurationPlatforms) = postSolution
		{67186CC6-5CF3-4FDC-9FAF-5F3800B87A0A}.Debug|Any CPU.ActiveCfg = Debug|Any CPU
		{67186CC6-5CF3-4FDC-9FAF-5F3800B87A0A}.Debug|Any CPU.Build.0 = Debug|Any CPU
		{67186CC6-5CF3-4FDC-9FAF-5F3800B87A0A}.Release|Any CPU.ActiveCfg = Release|Any CPU
		{67186CC6-5CF3-4FDC-9FAF-5F3800B87A0A}.Release|Any CPU.Build.0 = Release|Any CPU
		{C14B32FA-74C9-4BBA-A927-B115152A25C4}.Debug|Any CPU.ActiveCfg = Debug|Any CPU
		{C14B32FA-74C9-4BBA-A927-B115152A25C4}.Debug|Any CPU.Build.0 = Debug|Any CPU
		{C14B32FA-74C9-4BBA-A927-B115152A25C4}.Release|Any CPU.ActiveCfg = Release|Any CPU
		{C14B32FA-74C9-4BBA-A927-B115152A25C4}.Release|Any CPU.Build.0 = Release|Any CPU
	EndGlobalSection
	GlobalSection(SolutionProperties) = preSolution
		HideSolutionNode = FALSE
	EndGlobalSection
	GlobalSection(ExtensibilityGlobals) = postSolution
		SolutionGuid = {8763FDFA-2961-4B8B-9485-2FFB3C7F7B48}
	EndGlobalSection
EndGlobal
